{
  "name": "@zyc/package-b",
  "version": "1.0.0",
  "lockfileVersion": 2,
  "requires": true,
  "packages": {
    "": {
      "name": "@zyc/package-b",
      "version": "1.0.0",
      "license": "ISC",
      "dependencies": {
        "@zyc/package-a": "^1.1.0"
      }
    },
    "node_modules/@zyc/package-a": {
      "version": "1.1.0",
      "resolved": "http://localhost:4873/@zyc%2fpackage-a/-/package-a-1.1.0.tgz",
      "integrity": "sha512-LRBwonpvXBI6wbCKodcAGxqFNGC3xDZ63ORUxALC7z+TzuNOjQzcea48GmM+U/ekOtkMlDNQHpf3TNMbIf00lA==",
      "license": "ISC",
      "dependencies": {
        "chalk": "^5.0.1"
      }
    },
    "node_modules/chalk": {
      "version": "5.0.1",
      "resolved": "http://localhost:4873/chalk/-/chalk-5.0.1.tgz",
      "integrity": "sha512-Fo07WOYGqMfCWHOzSXOt2CxDbC6skS/jO9ynEcmpANMoPrD+W1r1K6Vx7iNm+AQmETU1Xr2t+n8nzkV9t6xh3w==",
      "license": "MIT",
      "engines": {
        "node": "^12.17.0 || ^14.13 || >=16.0.0"
      },
      "funding": {
        "url": "https://github.com/chalk/chalk?sponsor=1"
      }
    }
  },
  "dependencies": {
    "@zyc/package-a": {
      "version": "1.1.0",
      "resolved": "http://localhost:4873/@zyc%2fpackage-a/-/package-a-1.1.0.tgz",
      "integrity": "sha512-LRBwonpvXBI6wbCKodcAGxqFNGC3xDZ63ORUxALC7z+TzuNOjQzcea48GmM+U/ekOtkMlDNQHpf3TNMbIf00lA==",
      "requires": {
        "chalk": "^5.0.1"
      }
    },
    "chalk": {
      "version": "5.0.1",
      "resolved": "http://localhost:4873/chalk/-/chalk-5.0.1.tgz",
      "integrity": "sha512-Fo07WOYGqMfCWHOzSXOt2CxDbC6skS/jO9ynEcmpANMoPrD+W1r1K6Vx7iNm+AQmETU1Xr2t+n8nzkV9t6xh3w=="
    }
  }
}
